<?xml version="1.0" encoding="utf-8"?>
<Project ToolsVersion="4.0" xmlns="http://schemas.microsoft.com/developer/msbuild/2003">
  <ItemGroup>
    <Filter Include="Source Files">
      <UniqueIdentifier>{4FC737F1-C7A5-4376-A066-2A32D752A2FF}</UniqueIdentifier>
      <Extensions>cpp;c;cc;cxx;def;odl;idl;hpj;bat;asm;asmx</Extensions>
    </Filter>
    <Filter Include="Header Files">
      <UniqueIdentifier>{93995380-89BD-4b04-88EB-625FBE52EBFB}</UniqueIdentifier>
      <Extensions>h;hh;hpp;hxx;hm;inl;inc;ipp;xsd</Extensions>
    </Filter>
    <Filter Include="Resource Files">
      <UniqueIdentifier>{67DA6AB6-F800-4c08-8B7A-83BB121AAD01}</UniqueIdentifier>
      <Extensions>rc;ico;cur;bmp;dlg;rc2;rct;bin;rgs;gif;jpg;jpeg;jpe;resx;tiff;tif;png;wav;mfcribbon-ms</Extensions>
    </Filter>
    <Filter Include="Header Files\Layer">
      <UniqueIdentifier>{8e63c3c6-4e08-4c55-917d-91b9d1999e1e}</UniqueIdentifier>
    </Filter>
    <Filter Include="Header Files\Activation">
      <UniqueIdentifier>{da679e2f-5a78-4cbb-a92d-3c8b43ee6378}</UniqueIdentifier>
    </Filter>
    <Filter Include="Header Files\Optimizer">
      <UniqueIdentifier>{e4db574b-c57d-4a86-a37f-a4d8bf9fd41b}</UniqueIdentifier>
    </Filter>
    <Filter Include="Header Files\Utils">
      <UniqueIdentifier>{6b668f34-8622-49bb-8d3c-3ab8e6c62cd9}</UniqueIdentifier>
    </Filter>
    <Filter Include="Header Files\Output">
      <UniqueIdentifier>{0b97d3fb-2853-4724-9ea1-f4bf9293cf61}</UniqueIdentifier>
    </Filter>
  </ItemGroup>
  <ItemGroup>
    <ClCompile Include="main.cpp">
      <Filter>Source Files</Filter>
    </ClCompile>
  </ItemGroup>
  <ItemGroup>
    <ClInclude Include="DNN.h">
      <Filter>Header Files</Filter>
    </ClInclude>
    <ClInclude Include="NeuralNet.h">
      <Filter>Header Files</Filter>
    </ClInclude>
    <ClInclude Include="Layer.h">
      <Filter>Header Files</Filter>
    </ClInclude>
    <ClInclude Include="Optimizer.h">
      <Filter>Header Files</Filter>
    </ClInclude>
    <ClInclude Include="Output.h">
      <Filter>Header Files</Filter>
    </ClInclude>
    <ClInclude Include="Config.h">
      <Filter>Header Files</Filter>
    </ClInclude>
    <ClInclude Include="RNG.h">
      <Filter>Header Files</Filter>
    </ClInclude>
    <ClInclude Include="Layer\FullyConnected.h">
      <Filter>Header Files\Layer</Filter>
    </ClInclude>
    <ClInclude Include="Layer\Convolutional.h">
      <Filter>Header Files\Layer</Filter>
    </ClInclude>
    <ClInclude Include="Layer\Pooling.h">
      <Filter>Header Files\Layer</Filter>
    </ClInclude>
    <ClInclude Include="Utils\Random.h">
      <Filter>Header Files\Utils</Filter>
    </ClInclude>
    <ClInclude Include="Utils\MaxAverage.h">
      <Filter>Header Files\Utils</Filter>
    </ClInclude>
    <ClInclude Include="Utils\Convolution.h">
      <Filter>Header Files\Utils</Filter>
    </ClInclude>
    <ClInclude Include="Activation\Identity.h">
      <Filter>Header Files\Activation</Filter>
    </ClInclude>
    <ClInclude Include="Activation\ReLU.h">
      <Filter>Header Files\Activation</Filter>
    </ClInclude>
    <ClInclude Include="Activation\Sigmoid.h">
      <Filter>Header Files\Activation</Filter>
    </ClInclude>
    <ClInclude Include="Activation\Tanh.h">
      <Filter>Header Files\Activation</Filter>
    </ClInclude>
    <ClInclude Include="Activation\Softmax.h">
      <Filter>Header Files\Activation</Filter>
    </ClInclude>
    <ClInclude Include="Output\MSE.h">
      <Filter>Header Files\Output</Filter>
    </ClInclude>
    <ClInclude Include="Output\CrossEntropy.h">
      <Filter>Header Files\Output</Filter>
    </ClInclude>
    <ClInclude Include="Optimizer\SGD.h">
      <Filter>Header Files\Optimizer</Filter>
    </ClInclude>
    <ClInclude Include="Optimizer\Momentum.h">
      <Filter>Header Files\Optimizer</Filter>
    </ClInclude>
    <ClInclude Include="Optimizer\NAG.h">
      <Filter>Header Files\Optimizer</Filter>
    </ClInclude>
    <ClInclude Include="Optimizer\AdaGrad.h">
      <Filter>Header Files\Optimizer</Filter>
    </ClInclude>
    <ClInclude Include="Optimizer\AdaDelta.h">
      <Filter>Header Files\Optimizer</Filter>
    </ClInclude>
    <ClInclude Include="Optimizer\Adam.h">
      <Filter>Header Files\Optimizer</Filter>
    </ClInclude>
    <ClInclude Include="Optimizer\Nadam.h">
      <Filter>Header Files\Optimizer</Filter>
    </ClInclude>
    <ClInclude Include="Optimizer\AdaMAX.h">
      <Filter>Header Files\Optimizer</Filter>
    </ClInclude>
    <ClInclude Include="Optimizer\RMSProp.h">
      <Filter>Header Files\Optimizer</Filter>
    </ClInclude>
    <ClInclude Include="Optimizer\AMSGrad.h">
      <Filter>Header Files\Optimizer</Filter>
    </ClInclude>
  </ItemGroup>
</Project>