
Microsoft Visual Studio Solution File, Format Version 12.00
# Visual Studio 15
VisualStudioVersion = 15.0.28307.106
MinimumVisualStudioVersion = 10.0.40219.1
Project("{8BC9CEB8-8B4A-11D0-8D11-00A0C91BC942}") = "DeepNeuralNetwork", "DeepNeuralNetwork\DeepNeuralNetwork.vcxproj", "{B3D89B0B-5934-48B8-8514-2B2A8B3FABBC}"
EndProject
Global
	GlobalSection(SolutionConfigurationPlatforms) = preSolution
		Debug|x64 = Debug|x64
		Debug|x86 = Debug|x86
		Release|x64 = Release|x64
		Release|x86 = Release|x86
	EndGlobalSection
	GlobalSection(ProjectConfigurationPlatforms) = postSolution
		{B3D89B0B-5934-48B8-8514-2B2A8B3FABBC}.Debug|x64.ActiveCfg = Debug|x64
		{B3D89B0B-5934-48B8-8514-2B2A8B3FABBC}.Debug|x64.Build.0 = Debug|x64
		{B3D89B0B-5934-48B8-8514-2B2A8B3FABBC}.Debug|x86.ActiveCfg = Debug|Win32
		{B3D89B0B-5934-48B8-8514-2B2A8B3FABBC}.Debug|x86.Build.0 = Debug|Win32
		{B3D89B0B-5934-48B8-8514-2B2A8B3FABBC}.Release|x64.ActiveCfg = Release|x64
		{B3D89B0B-5934-48B8-8514-2B2A8B3FABBC}.Release|x64.Build.0 = Release|x64
		{B3D89B0B-5934-48B8-8514-2B2A8B3FABBC}.Release|x86.ActiveCfg = Release|Win32
		{B3D89B0B-5934-48B8-8514-2B2A8B3FABBC}.Release|x86.Build.0 = Release|Win32
	EndGlobalSection
	GlobalSection(SolutionProperties) = preSolution
		HideSolutionNode = FALSE
	EndGlobalSection
	GlobalSection(ExtensibilityGlobals) = postSolution
		SolutionGuid = {515963D9-766F-45B3-B4D0-F0BE3F377DD4}
	EndGlobalSection
EndGlobal
